
Microsoft Visual Studio Solution File, Format Version 12.00
# Visual Studio Version 17
VisualStudioVersion = 17.13.35825.156 d17.13
MinimumVisualStudioVersion = 10.0.40219.1
Project("{D2ABAB84-BF74-430A-B69E-9DC6D40DDA17}") = "Fianl Project OLIST", "Fianl Project OLIST\Fianl Project OLIST.dwproj", "{3E0DFE2A-72C2-9F12-2325-2AD3963DC1BA}"
EndProject
Global
	GlobalSection(SolutionConfigurationPlatforms) = preSolution
		Development|Default = Development|Default
	EndGlobalSection
	GlobalSection(ProjectConfigurationPlatforms) = postSolution
		{3E0DFE2A-72C2-9F12-2325-2AD3963DC1BA}.Development|Default.ActiveCfg = Development
		{3E0DFE2A-72C2-9F12-2325-2AD3963DC1BA}.Development|Default.Build.0 = Development
		{3E0DFE2A-72C2-9F12-2325-2AD3963DC1BA}.Development|Default.Deploy.0 = Development
	EndGlobalSection
	GlobalSection(SolutionProperties) = preSolution
		HideSolutionNode = FALSE
	EndGlobalSection
	GlobalSection(ExtensibilityGlobals) = postSolution
		SolutionGuid = {77745E91-73E4-44BA-A893-7EF2F084EC17}
	EndGlobalSection
EndGlobal
